
Microsoft Visual Studio Solution File, Format Version 12.00
# Visual Studio Version 17
VisualStudioVersion = 17.0.32112.339
MinimumVisualStudioVersion = 10.0.40219.1
Project("{8BC9CEB8-8B4A-11D0-8D11-00A0C91BC942}") = "0223", "0223\0223.vcxproj", "{FEC77574-7C5B-40D9-B04E-B4038BC49154}"
EndProject
Global
	GlobalSection(SolutionConfigurationPlatforms) = preSolution
		Debug|x64 = Debug|x64
		Debug|x86 = Debug|x86
		Release|x64 = Release|x64
		Release|x86 = Release|x86
	EndGlobalSection
	GlobalSection(ProjectConfigurationPlatforms) = postSolution
		{FEC77574-7C5B-40D9-B04E-B4038BC49154}.Debug|x64.ActiveCfg = Debug|x64
		{FEC77574-7C5B-40D9-B04E-B4038BC49154}.Debug|x64.Build.0 = Debug|x64
		{FEC77574-7C5B-40D9-B04E-B4038BC49154}.Debug|x86.ActiveCfg = Debug|Win32
		{FEC77574-7C5B-40D9-B04E-B4038BC49154}.Debug|x86.Build.0 = Debug|Win32
		{FEC77574-7C5B-40D9-B04E-B4038BC49154}.Release|x64.ActiveCfg = Release|x64
		{FEC77574-7C5B-40D9-B04E-B4038BC49154}.Release|x64.Build.0 = Release|x64
		{FEC77574-7C5B-40D9-B04E-B4038BC49154}.Release|x86.ActiveCfg = Release|Win32
		{FEC77574-7C5B-40D9-B04E-B4038BC49154}.Release|x86.Build.0 = Release|Win32
	EndGlobalSection
	GlobalSection(SolutionProperties) = preSolution
		HideSolutionNode = FALSE
	EndGlobalSection
	GlobalSection(ExtensibilityGlobals) = postSolution
		SolutionGuid = {A6C39F74-9492-4888-9A58-BC5F4A0D5825}
	EndGlobalSection
EndGlobal
